
Microsoft Visual Studio Solution File, Format Version 12.00
# Visual Studio Version 17
VisualStudioVersion = 17.7.34003.232
MinimumVisualStudioVersion = 10.0.40219.1
Project("{FAE04EC0-301F-11D3-BF4B-00C04F79EFBC}") = "NotificationAPI", "NotificationAPI\NotificationAPI.csproj", "{19DB6012-E05E-4C54-AE22-070E5DF2048C}"
EndProject
Project("{FAE04EC0-301F-11D3-BF4B-00C04F79EFBC}") = "NotificationAPI.Domain", "NotificationAPI.Domain\NotificationAPI.Domain.csproj", "{7A2955EF-77D7-4A58-871D-F8C43A396B4F}"
EndProject
Project("{FAE04EC0-301F-11D3-BF4B-00C04F79EFBC}") = "NotificationAPI.Infrastructure", "NotificationAPI.Infrastructure\NotificationAPI.Infrastructure.csproj", "{ED39AF12-C4F1-468F-A542-AB95A542E70B}"
EndProject
Project("{FAE04EC0-301F-11D3-BF4B-00C04F79EFBC}") = "NotificationAPI.Worker", "NotificationAPI.Worker\NotificationAPI.Worker.csproj", "{E878EC7C-5811-4C64-8662-1E386C2CDCA1}"
EndProject
Global
	GlobalSection(SolutionConfigurationPlatforms) = preSolution
		Debug|Any CPU = Debug|Any CPU
		Release|Any CPU = Release|Any CPU
	EndGlobalSection
	GlobalSection(ProjectConfigurationPlatforms) = postSolution
		{19DB6012-E05E-4C54-AE22-070E5DF2048C}.Debug|Any CPU.ActiveCfg = Debug|Any CPU
		{19DB6012-E05E-4C54-AE22-070E5DF2048C}.Debug|Any CPU.Build.0 = Debug|Any CPU
		{19DB6012-E05E-4C54-AE22-070E5DF2048C}.Release|Any CPU.ActiveCfg = Release|Any CPU
		{19DB6012-E05E-4C54-AE22-070E5DF2048C}.Release|Any CPU.Build.0 = Release|Any CPU
		{7A2955EF-77D7-4A58-871D-F8C43A396B4F}.Debug|Any CPU.ActiveCfg = Debug|Any CPU
		{7A2955EF-77D7-4A58-871D-F8C43A396B4F}.Debug|Any CPU.Build.0 = Debug|Any CPU
		{7A2955EF-77D7-4A58-871D-F8C43A396B4F}.Release|Any CPU.ActiveCfg = Release|Any CPU
		{7A2955EF-77D7-4A58-871D-F8C43A396B4F}.Release|Any CPU.Build.0 = Release|Any CPU
		{ED39AF12-C4F1-468F-A542-AB95A542E70B}.Debug|Any CPU.ActiveCfg = Debug|Any CPU
		{ED39AF12-C4F1-468F-A542-AB95A542E70B}.Debug|Any CPU.Build.0 = Debug|Any CPU
		{ED39AF12-C4F1-468F-A542-AB95A542E70B}.Release|Any CPU.ActiveCfg = Release|Any CPU
		{ED39AF12-C4F1-468F-A542-AB95A542E70B}.Release|Any CPU.Build.0 = Release|Any CPU
		{E878EC7C-5811-4C64-8662-1E386C2CDCA1}.Debug|Any CPU.ActiveCfg = Debug|Any CPU
		{E878EC7C-5811-4C64-8662-1E386C2CDCA1}.Debug|Any CPU.Build.0 = Debug|Any CPU
		{E878EC7C-5811-4C64-8662-1E386C2CDCA1}.Release|Any CPU.ActiveCfg = Release|Any CPU
		{E878EC7C-5811-4C64-8662-1E386C2CDCA1}.Release|Any CPU.Build.0 = Release|Any CPU
	EndGlobalSection
	GlobalSection(SolutionProperties) = preSolution
		HideSolutionNode = FALSE
	EndGlobalSection
	GlobalSection(ExtensibilityGlobals) = postSolution
		SolutionGuid = {D960BB63-5CFD-4503-B81D-50BFB2946415}
	EndGlobalSection
EndGlobal
